
Microsoft Visual Studio Solution File, Format Version 12.00
# Visual Studio Version 17
VisualStudioVersion = 17.7.34031.279
MinimumVisualStudioVersion = 10.0.40219.1
Project("{FAE04EC0-301F-11D3-BF4B-00C04F79EFBC}") = "Tarea2.1", "Tarea2.1\Tarea2.1.csproj", "{DFE0E381-5FBC-4E12-BB63-16797030C97A}"
EndProject
Global
	GlobalSection(SolutionConfigurationPlatforms) = preSolution
		Debug|Any CPU = Debug|Any CPU
		Release|Any CPU = Release|Any CPU
	EndGlobalSection
	GlobalSection(ProjectConfigurationPlatforms) = postSolution
		{DFE0E381-5FBC-4E12-BB63-16797030C97A}.Debug|Any CPU.ActiveCfg = Debug|Any CPU
		{DFE0E381-5FBC-4E12-BB63-16797030C97A}.Debug|Any CPU.Build.0 = Debug|Any CPU
		{DFE0E381-5FBC-4E12-BB63-16797030C97A}.Release|Any CPU.ActiveCfg = Release|Any CPU
		{DFE0E381-5FBC-4E12-BB63-16797030C97A}.Release|Any CPU.Build.0 = Release|Any CPU
	EndGlobalSection
	GlobalSection(SolutionProperties) = preSolution
		HideSolutionNode = FALSE
	EndGlobalSection
	GlobalSection(ExtensibilityGlobals) = postSolution
		SolutionGuid = {B35D0550-102C-4814-9182-7AFB22A524FA}
	EndGlobalSection
EndGlobal
